
Microsoft Visual Studio Solution File, Format Version 12.00
# Visual Studio 15
VisualStudioVersion = 15.0.28307.757
MinimumVisualStudioVersion = 10.0.40219.1
Project("{FAE04EC0-301F-11D3-BF4B-00C04F79EFBC}") = "Funda", "Funda\Funda.csproj", "{8692351C-885B-4C88-9AD4-868216A62398}"
EndProject
Global
	GlobalSection(SolutionConfigurationPlatforms) = preSolution
		Debug|Any CPU = Debug|Any CPU
		Release|Any CPU = Release|Any CPU
	EndGlobalSection
	GlobalSection(ProjectConfigurationPlatforms) = postSolution
		{8692351C-885B-4C88-9AD4-868216A62398}.Debug|Any CPU.ActiveCfg = Debug|Any CPU
		{8692351C-885B-4C88-9AD4-868216A62398}.Debug|Any CPU.Build.0 = Debug|Any CPU
		{8692351C-885B-4C88-9AD4-868216A62398}.Release|Any CPU.ActiveCfg = Release|Any CPU
		{8692351C-885B-4C88-9AD4-868216A62398}.Release|Any CPU.Build.0 = Release|Any CPU
	EndGlobalSection
	GlobalSection(SolutionProperties) = preSolution
		HideSolutionNode = FALSE
	EndGlobalSection
	GlobalSection(ExtensibilityGlobals) = postSolution
		SolutionGuid = {16E700B3-2194-4EB8-BB1A-31333E9D2D8F}
	EndGlobalSection
EndGlobal
